PODS:
  - FlutterMacOS (1.0.0)
  - window_utils (0.0.1):
    - FlutterMacOS

DEPENDENCIES:
  - FlutterMacOS (from `Flutter/ephemeral`)
  - window_utils (from `Flutter/ephemeral/.symlinks/plugins/window_utils/macos`)

EXTERNAL SOURCES:
  FlutterMacOS:
    :path: Flutter/ephemeral
  window_utils:
    :path: Flutter/ephemeral/.symlinks/plugins/window_utils/macos

SPEC CHECKSUMS:
  FlutterMacOS: 57701585bf7de1b3fc2bb61f6378d73bbdea8424
  window_utils: 92122752520df13f39e784e82d830b20e6ffe960

PODFILE CHECKSUM: 6eac6b3292e5142cfc23bdeb71848a40ec51c14c

COCOAPODS: 1.10.0
